// !$*UTF8*$!
{
	archiveVersion = 1;
	classes = {
	};
	objectVersion = 46;
	objects = {

/* Begin PBXBuildFile section */
		A21716081AB8F56D00DECDD8 /* User.swift in Sources */ = {isa = PBXBuildFile; fileRef = A21716071AB8F56D00DECDD8 /* User.swift */; };
		A217160C1AB8F5CD00DECDD8 /* SampleData.swift in Sources */ = {isa = PBXBuildFile; fileRef = A217160B1AB8F5CD00DECDD8 /* SampleData.swift */; };
		A267CD881AB77FB500E014C8 /* AppDelegate.swift in Sources */ = {isa = PBXBuildFile; fileRef = A267CD871AB77FB500E014C8 /* AppDelegate.swift */; };
		A267CD8A1AB77FB500E014C8 /* ViewController.swift in Sources */ = {isa = PBXBuildFile; fileRef = A267CD891AB77FB500E014C8 /* ViewController.swift */; };
		A267CD8D1AB77FB500E014C8 /* Main.storyboard in Resources */ = {isa = PBXBuildFile; fileRef = A267CD8B1AB77FB500E014C8 /* Main.storyboard */; };
		A267CD8F1AB77FB500E014C8 /* Images.xcassets in Resources */ = {isa = PBXBuildFile; fileRef = A267CD8E1AB77FB500E014C8 /* Images.xcassets */; };
		A267CD921AB77FB500E014C8 /* LaunchScreen.xib in Resources */ = {isa = PBXBuildFile; fileRef = A267CD901AB77FB500E014C8 /* LaunchScreen.xib */; };
/* End PBXBuildFile section */

/* Begin PBXContainerItemProxy section */
		A267CDAD1AB780F200E014C8 /* PBXContainerItemProxy */ = {
			isa = PBXContainerItemProxy;
			containerPortal = A267CDA71AB780F200E014C8 /* JsonObject.xcodeproj */;
			proxyType = 2;
			remoteGlobalIDString = A2D918FD1AB77CAF00BEC75B;
			remoteInfo = "JsonObject-iOS";
		};
		A267CDAF1AB780F200E014C8 /* PBXContainerItemProxy */ = {
			isa = PBXContainerItemProxy;
			containerPortal = A267CDA71AB780F200E014C8 /* JsonObject.xcodeproj */;
			proxyType = 2;
			remoteGlobalIDString = A2D9191C1AB77D4600BEC75B;
			remoteInfo = "JsonObject-OSX";
		};
		A267CDB11AB780F200E014C8 /* PBXContainerItemProxy */ = {
			isa = PBXContainerItemProxy;
			containerPortal = A267CDA71AB780F200E014C8 /* JsonObject.xcodeproj */;
			proxyType = 2;
			remoteGlobalIDString = A2D919081AB77CAF00BEC75B;
			remoteInfo = JsonObjectTests;
		};
		A267CDB31AB7810F00E014C8 /* PBXContainerItemProxy */ = {
			isa = PBXContainerItemProxy;
			containerPortal = A267CDA71AB780F200E014C8 /* JsonObject.xcodeproj */;
			proxyType = 1;
			remoteGlobalIDString = A2D918FC1AB77CAF00BEC75B;
			remoteInfo = "JsonObject-iOS";
		};
/* End PBXContainerItemProxy section */

/* Begin PBXFileReference section */
		A21716071AB8F56D00DECDD8 /* User.swift */ = {isa = PBXFileReference; fileEncoding = 4; lastKnownFileType = sourcecode.swift; path = User.swift; sourceTree = "<group>"; };
		A217160B1AB8F5CD00DECDD8 /* SampleData.swift */ = {isa = PBXFileReference; fileEncoding = 4; lastKnownFileType = sourcecode.swift; path = SampleData.swift; sourceTree = "<group>"; };
		A267CD821AB77FB500E014C8 /* Example.app */ = {isa = PBXFileReference; explicitFileType = wrapper.application; includeInIndex = 0; path = Example.app; sourceTree = BUILT_PRODUCTS_DIR; };
		A267CD861AB77FB500E014C8 /* Info.plist */ = {isa = PBXFileReference; lastKnownFileType = text.plist.xml; path = Info.plist; sourceTree = "<group>"; };
		A267CD871AB77FB500E014C8 /* AppDelegate.swift */ = {isa = PBXFileReference; lastKnownFileType = sourcecode.swift; path = AppDelegate.swift; sourceTree = "<group>"; };
		A267CD891AB77FB500E014C8 /* ViewController.swift */ = {isa = PBXFileReference; lastKnownFileType = sourcecode.swift; path = ViewController.swift; sourceTree = "<group>"; };
		A267CD8C1AB77FB500E014C8 /* Base */ = {isa = PBXFileReference; lastKnownFileType = file.storyboard; name = Base; path = Base.lproj/Main.storyboard; sourceTree = "<group>"; };
		A267CD8E1AB77FB500E014C8 /* Images.xcassets */ = {isa = PBXFileReference; lastKnownFileType = folder.assetcatalog; path = Images.xcassets; sourceTree = "<group>"; };
		A267CD911AB77FB500E014C8 /* Base */ = {isa = PBXFileReference; lastKnownFileType = file.xib; name = Base; path = Base.lproj/LaunchScreen.xib; sourceTree = "<group>"; };
		A267CDA71AB780F200E014C8 /* JsonObject.xcodeproj */ = {isa = PBXFileReference; lastKnownFileType = "wrapper.pb-project"; path = JsonObject.xcodeproj; sourceTree = "<group>"; };
/* End PBXFileReference section */

/* Begin PBXFrameworksBuildPhase section */
		A267CD7F1AB77FB500E014C8 /* Frameworks */ = {
			isa = PBXFrameworksBuildPhase;
			buildActionMask = 2147483647;
			files = (
			);
			runOnlyForDeploymentPostprocessing = 0;
		};
/* End PBXFrameworksBuildPhase section */

/* Begin PBXGroup section */
		A267CD791AB77FB500E014C8 = {
			isa = PBXGroup;
			children = (
				A267CDA71AB780F200E014C8 /* JsonObject.xcodeproj */,
				A267CD841AB77FB500E014C8 /* Example */,
				A267CD831AB77FB500E014C8 /* Products */,
			);
			sourceTree = "<group>";
		};
		A267CD831AB77FB500E014C8 /* Products */ = {
			isa = PBXGroup;
			children = (
				A267CD821AB77FB500E014C8 /* Example.app */,
			);
			name = Products;
			sourceTree = "<group>";
		};
		A267CD841AB77FB500E014C8 /* Example */ = {
			isa = PBXGroup;
			children = (
				A267CD871AB77FB500E014C8 /* AppDelegate.swift */,
				A267CD891AB77FB500E014C8 /* ViewController.swift */,
				A217160B1AB8F5CD00DECDD8 /* SampleData.swift */,
				A21716071AB8F56D00DECDD8 /* User.swift */,
				A267CD8B1AB77FB500E014C8 /* Main.storyboard */,
				A267CD8E1AB77FB500E014C8 /* Images.xcassets */,
				A267CD901AB77FB500E014C8 /* LaunchScreen.xib */,
				A267CD851AB77FB500E014C8 /* Supporting Files */,
			);
			path = Example;
			sourceTree = "<group>";
		};
		A267CD851AB77FB500E014C8 /* Supporting Files */ = {
			isa = PBXGroup;
			children = (
				A267CD861AB77FB500E014C8 /* Info.plist */,
			);
			name = "Supporting Files";
			sourceTree = "<group>";
		};
		A267CDA81AB780F200E014C8 /* Products */ = {
			isa = PBXGroup;
			children = (
				A267CDAE1AB780F200E014C8 /* JsonObject.framework */,
				A267CDB01AB780F200E014C8 /* JsonObject.framework */,
				A267CDB21AB780F200E014C8 /* JsonObjectTests.xctest */,
			);
			name = Products;
			sourceTree = "<group>";
		};
/* End PBXGroup section */

/* Begin PBXNativeTarget section */
		A267CD811AB77FB500E014C8 /* Example */ = {
			isa = PBXNativeTarget;
			buildConfigurationList = A267CDA11AB77FB500E014C8 /* Build configuration list for PBXNativeTarget "Example" */;
			buildPhases = (
				A267CD7E1AB77FB500E014C8 /* Sources */,
				A267CD7F1AB77FB500E014C8 /* Frameworks */,
				A267CD801AB77FB500E014C8 /* Resources */,
			);
			buildRules = (
			);
			dependencies = (
				A267CDB41AB7810F00E014C8 /* PBXTargetDependency */,
			);
			name = Example;
			productName = Example;
			productReference = A267CD821AB77FB500E014C8 /* Example.app */;
			productType = "com.apple.product-type.application";
		};
/* End PBXNativeTarget section */

/* Begin PBXProject section */
		A267CD7A1AB77FB500E014C8 /* Project object */ = {
			isa = PBXProject;
			attributes = {
				LastUpgradeCheck = 0630;
				ORGANIZATIONNAME = Skyvive;
				TargetAttributes = {
					A267CD811AB77FB500E014C8 = {
						CreatedOnToolsVersion = 6.3;
					};
				};
			};
			buildConfigurationList = A267CD7D1AB77FB500E014C8 /* Build configuration list for PBXProject "Example" */;
			compatibilityVersion = "Xcode 3.2";
			developmentRegion = English;
			hasScannedForEncodings = 0;
			knownRegions = (
				en,
				Base,
			);
			mainGroup = A267CD791AB77FB500E014C8;
			productRefGroup = A267CD831AB77FB500E014C8 /* Products */;
			projectDirPath = "";
			projectReferences = (
				{
					ProductGroup = A267CDA81AB780F200E014C8 /* Products */;
					ProjectRef = A267CDA71AB780F200E014C8 /* JsonObject.xcodeproj */;
				},
			);
			projectRoot = "";
			targets = (
				A267CD811AB77FB500E014C8 /* Example */,
			);
		};
/* End PBXProject section */

/* Begin PBXReferenceProxy section */
		A267CDAE1AB780F200E014C8 /* JsonObject.framework */ = {
			isa = PBXReferenceProxy;
			fileType = wrapper.framework;
			path = JsonObject.framework;
			remoteRef = A267CDAD1AB780F200E014C8 /* PBXContainerItemProxy */;
			sourceTree = BUILT_PRODUCTS_DIR;
		};
		A267CDB01AB780F200E014C8 /* JsonObject.framework */ = {
			isa = PBXReferenceProxy;
			fileType = wrapper.framework;
			path = JsonObject.framework;
			remoteRef = A267CDAF1AB780F200E014C8 /* PBXContainerItemProxy */;
			sourceTree = BUILT_PRODUCTS_DIR;
		};
		A267CDB21AB780F200E014C8 /* JsonObjectTests.xctest */ = {
			isa = PBXReferenceProxy;
			fileType = wrapper.cfbundle;
			path = JsonObjectTests.xctest;
			remoteRef = A267CDB11AB780F200E014C8 /* PBXContainerItemProxy */;
			sourceTree = BUILT_PRODUCTS_DIR;
		};
/* End PBXReferenceProxy section */

/* Begin PBXResourcesBuildPhase section */
		A267CD801AB77FB500E014C8 /* Resources */ = {
			isa = PBXResourcesBuildPhase;
			buildActionMask = 2147483647;
			files = (
				A267CD8D1AB77FB500E014C8 /* Main.storyboard in Resources */,
				A267CD921AB77FB500E014C8 /* LaunchScreen.xib in Resources */,
				A267CD8F1AB77FB500E014C8 /* Images.xcassets in Resources */,
			);
			runOnlyForDeploymentPostprocessing = 0;
		};
/* End PBXResourcesBuildPhase section */

/* Begin PBXSourcesBuildPhase section */
		A267CD7E1AB77FB500E014C8 /* Sources */ = {
			isa = PBXSourcesBuildPhase;
			buildActionMask = 2147483647;
			files = (
				A267CD8A1AB77FB500E014C8 /* ViewController.swift in Sources */,
				A267CD881AB77FB500E014C8 /* AppDelegate.swift in Sources */,
				A21716081AB8F56D00DECDD8 /* User.swift in Sources */,
				A217160C1AB8F5CD00DECDD8 /* SampleData.swift in Sources */,
			);
			runOnlyForDeploymentPostprocessing = 0;
		};
/* End PBXSourcesBuildPhase section */

/* Begin PBXTargetDependency section */
		A267CDB41AB7810F00E014C8 /* PBXTargetDependency */ = {
			isa = PBXTargetDependency;
			name = "JsonObject-iOS";
			targetProxy = A267CDB31AB7810F00E014C8 /* PBXContainerItemProxy */;
		};
/* End PBXTargetDependency section */

/* Begin PBXVariantGroup section */
		A267CD8B1AB77FB500E014C8 /* Main.storyboard */ = {
			isa = PBXVariantGroup;
			children = (
				A267CD8C1AB77FB500E014C8 /* Base */,
			);
			name = Main.storyboard;
			sourceTree = "<group>";
		};
		A267CD901AB77FB500E014C8 /* LaunchScreen.xib */ = {
			isa = PBXVariantGroup;
			children = (
				A267CD911AB77FB500E014C8 /* Base */,
			);
			name = LaunchScreen.xib;
			sourceTree = "<group>";
		};
/* End PBXVariantGroup section */

/* Begin XCBuildConfiguration section */
		A267CD9F1AB77FB500E014C8 /* Debug */ = {
			isa = XCBuildConfiguration;
			buildSettings = {
				ALWAYS_SEARCH_USER_PATHS = NO;
				CLANG_CXX_LANGUAGE_STANDARD = "gnu++0x";
				CLANG_CXX_LIBRARY = "libc++";
				CLANG_ENABLE_MODULES = YES;
				CLANG_ENABLE_OBJC_ARC = YES;
				CLANG_WARN_BOOL_CONVERSION = YES;
				CLANG_WARN_CONSTANT_CONVERSION = YES;
				CLANG_WARN_DIRECT_OBJC_ISA_USAGE = YES_ERROR;
				CLANG_WARN_EMPTY_BODY = YES;
				CLANG_WARN_ENUM_CONVERSION = YES;
				CLANG_WARN_INT_CONVERSION = YES;
				CLANG_WARN_OBJC_ROOT_CLASS = YES_ERROR;
				CLANG_WARN_UNREACHABLE_CODE = YES;
				CLANG_WARN__DUPLICATE_METHOD_MATCH = YES;
				"CODE_SIGN_IDENTITY[sdk=iphoneos*]" = "iPhone Developer";
				COPY_PHASE_STRIP = NO;
				DEBUG_INFORMATION_FORMAT = "dwarf-with-dsym";
				ENABLE_STRICT_OBJC_MSGSEND = YES;
				GCC_C_LANGUAGE_STANDARD = gnu99;
				GCC_DYNAMIC_NO_PIC = NO;
				GCC_NO_COMMON_BLOCKS = YES;
				GCC_OPTIMIZATION_LEVEL = 0;
				GCC_PREPROCESSOR_DEFINITIONS = (
					"DEBUG=1",
					"$(inherited)",
				);
				GCC_SYMBOLS_PRIVATE_EXTERN = NO;
				GCC_WARN_64_TO_32_BIT_CONVERSION = YES;
				GCC_WARN_ABOUT_RETURN_TYPE = YES_ERROR;
				GCC_WARN_UNDECLARED_SELECTOR = YES;
				GCC_WARN_UNINITIALIZED_AUTOS = YES_AGGRESSIVE;
				GCC_WARN_UNUSED_FUNCTION = YES;
				GCC_WARN_UNUSED_VARIABLE = YES;
				IPHONEOS_DEPLOYMENT_TARGET = 8.3;
				MTL_ENABLE_DEBUG_INFO = YES;
				ONLY_ACTIVE_ARCH = YES;
				SDKROOT = iphoneos;
				SWIFT_OPTIMIZATION_LEVEL = "-Onone";
			};
			name = Debug;
		};
		A267CDA01AB77FB500E014C8 /* Release */ = {
			isa = XCBuildConfiguration;
			buildSettings = {
				ALWAYS_SEARCH_USER_PATHS = NO;
				CLANG_CXX_LANGUAGE_STANDARD = "gnu++0x";
				CLANG_CXX_LIBRARY = "libc++";
				CLANG_ENABLE_MODULES = YES;
				CLANG_ENABLE_OBJC_ARC = YES;
				CLANG_WARN_BOOL_CONVERSION = YES;
				CLANG_WARN_CONSTANT_CONVERSION = YES;
				CLANG_WARN_DIRECT_OBJC_ISA_USAGE = YES_ERROR;
				CLANG_WARN_EMPTY_BODY = YES;
				CLANG_WARN_ENUM_CONVERSION = YES;
				CLANG_WARN_INT_CONVERSION = YES;
				CLANG_WARN_OBJC_ROOT_CLASS = YES_ERROR;
				CLANG_WARN_UNREACHABLE_CODE = YES;
				CLANG_WARN__DUPLICATE_METHOD_MATCH = YES;
				"CODE_SIGN_IDENTITY[sdk=iphoneos*]" = "iPhone Developer";
				COPY_PHASE_STRIP = NO;
				DEBUG_INFORMATION_FORMAT = "dwarf-with-dsym";
				ENABLE_NS_ASSERTIONS = NO;
				ENABLE_STRICT_OBJC_MSGSEND = YES;
				GCC_C_LANGUAGE_STANDARD = gnu99;
				GCC_NO_COMMON_BLOCKS = YES;
				GCC_WARN_64_TO_32_BIT_CONVERSION = YES;
				GCC_WARN_ABOUT_RETURN_TYPE = YES_ERROR;
				GCC_WARN_UNDECLARED_SELECTOR = YES;
				GCC_WARN_UNINITIALIZED_AUTOS = YES_AGGRESSIVE;
				GCC_WARN_UNUSED_FUNCTION = YES;
				GCC_WARN_UNUSED_VARIABLE = YES;
				IPHONEOS_DEPLOYMENT_TARGET = 8.3;
				MTL_ENABLE_DEBUG_INFO = NO;
				SDKROOT = iphoneos;
				VALIDATE_PRODUCT = YES;
			};
			name = Release;
		};
		A267CDA21AB77FB500E014C8 /* Debug */ = {
			isa = XCBuildConfiguration;
			buildSettings = {
				ASSETCATALOG_COMPILER_APPICON_NAME = AppIcon;
				INFOPLIST_FILE = Example/Info.plist;
				LD_RUNPATH_SEARCH_PATHS = "$(inherited) @executable_path/Frameworks";
				PRODUCT_NAME = "$(TARGET_NAME)";
			};
			name = Debug;
		};
		A267CDA31AB77FB500E014C8 /* Release */ = {
			isa = XCBuildConfiguration;
			buildSettings = {
				ASSETCATALOG_COMPILER_APPICON_NAME = AppIcon;
				INFOPLIST_FILE = Example/Info.plist;
				LD_RUNPATH_SEARCH_PATHS = "$(inherited) @executable_path/Frameworks";
				PRODUCT_NAME = "$(TARGET_NAME)";
			};
			name = Release;
		};
/* End XCBuildConfiguration section */

/* Begin XCConfigurationList section */
		A267CD7D1AB77FB500E014C8 /* Build configuration list for PBXProject "Example" */ = {
			isa = XCConfigurationList;
			buildConfigurations = (
				A267CD9F1AB77FB500E014C8 /* Debug */,
				A267CDA01AB77FB500E014C8 /* Release */,
			);
			defaultConfigurationIsVisible = 0;
			defaultConfigurationName = Release;
		};
		A267CDA11AB77FB500E014C8 /* Build configuration list for PBXNativeTarget "Example" */ = {
			isa = XCConfigurationList;
			buildConfigurations = (
				A267CDA21AB77FB500E014C8 /* Debug */,
				A267CDA31AB77FB500E014C8 /* Release */,
			);
			defaultConfigurationIsVisible = 0;
			defaultConfigurationName = Release;
		};
/* End XCConfigurationList section */
	};
	rootObject = A267CD7A1AB77FB500E014C8 /* Project object */;
}
